lockfileVersion: '9.0'

settings:
  autoInstallPeers: true
  excludeLinksFromLockfile: false

importers:

  .:
    dependencies:
      tsafe:
        specifier: ^1.8.12
        version: 1.8.12
    devDependencies:
      '@types/node':
        specifier: ^24.5.2
        version: 24.5.2
      typescript:
        specifier: ^5.8.3
        version: 5.9.2

packages:

  '@types/node@24.5.2':
    resolution: {integrity: sha512-FYxk1I7wPv3K2XBaoyH2cTnocQEu8AOZ60hPbsyukMPLv5/5qr7V1i8PLHdl6Zf87I+xZXFvPCXYjiTFq+YSDQ==}

  tsafe@1.8.12:
    resolution: {integrity: sha512-nFRqW0ttu/2o6XTXsHiVZWJBCOaxhVqZLg7dgs3coZNsCMPXPfwz+zPHAQA+70fNnVJLAPg1EgGIqK9Q84tvAw==}

  typescript@5.9.2:
    resolution: {integrity: sha512-CWBzXQrc/qOkhidw1OzBTQuYRbfyxDXJMVJ1XNwUHGROVmuaeiEm3OslpZ1RV96d7SKKjZKrSJu3+t/xlw3R9A==}
    engines: {node: '>=14.17'}
    hasBin: true

  undici-types@7.12.0:
    resolution: {integrity: sha512-goOacqME2GYyOZZfb5Lgtu+1IDmAlAEu5xnD3+xTzS10hT0vzpf0SPjkXwAw9Jm+4n/mQGDP3LO8CPbYROeBfQ==}

snapshots:

  '@types/node@24.5.2':
    dependencies:
      undici-types: 7.12.0

  tsafe@1.8.12: {}

  typescript@5.9.2: {}

  undici-types@7.12.0: {}
